
Microsoft Visual Studio Solution File, Format Version 12.00
# Visual Studio Version 17
VisualStudioVersion = 17.2.32526.322
MinimumVisualStudioVersion = 10.0.40219.1
Project("{FAE04EC0-301F-11D3-BF4B-00C04F79EFBC}") = "db", "db.csproj", "{214CA692-7BC6-4693-A325-AEE1DC2A6F9B}"
EndProject
Global
	GlobalSection(SolutionConfigurationPlatforms) = preSolution
		Debug|Any CPU = Debug|Any CPU
		Release|Any CPU = Release|Any CPU
	EndGlobalSection
	GlobalSection(ProjectConfigurationPlatforms) = postSolution
		{214CA692-7BC6-4693-A325-AEE1DC2A6F9B}.Debug|Any CPU.ActiveCfg = Debug|Any CPU
		{214CA692-7BC6-4693-A325-AEE1DC2A6F9B}.Debug|Any CPU.Build.0 = Debug|Any CPU
		{214CA692-7BC6-4693-A325-AEE1DC2A6F9B}.Release|Any CPU.ActiveCfg = Release|Any CPU
		{214CA692-7BC6-4693-A325-AEE1DC2A6F9B}.Release|Any CPU.Build.0 = Release|Any CPU
	EndGlobalSection
	GlobalSection(SolutionProperties) = preSolution
		HideSolutionNode = FALSE
	EndGlobalSection
	GlobalSection(ExtensibilityGlobals) = postSolution
		SolutionGuid = {60787408-C93E-4DEE-A72B-15E8916BFAF6}
	EndGlobalSection
EndGlobal
